// !$*UTF8*$!
{
	archiveVersion = 1;
	classes = {
	};
	objectVersion = 55;
	objects = {

/* Begin PBXBuildFile section */
		281D5EB228F70D110085C41C /* AppDelegate.swift in Sources */ = {isa = PBXBuildFile; fileRef = 281D5EB128F70D110085C41C /* AppDelegate.swift */; };
		281D5EB428F70D110085C41C /* SceneDelegate.swift in Sources */ = {isa = PBXBuildFile; fileRef = 281D5EB328F70D110085C41C /* SceneDelegate.swift */; };
		281D5EB628F70D110085C41C /* ViewController.swift in Sources */ = {isa = PBXBuildFile; fileRef = 281D5EB528F70D110085C41C /* ViewController.swift */; };
		281D5EB928F70D110085C41C /* Main.storyboard in Resources */ = {isa = PBXBuildFile; fileRef = 281D5EB728F70D110085C41C /* Main.storyboard */; };
		281D5EBC28F70D110085C41C /* MIGHTY_RIDES.xcdatamodeld in Sources */ = {isa = PBXBuildFile; fileRef = 281D5EBA28F70D110085C41C /* MIGHTY_RIDES.xcdatamodeld */; };
		281D5EBE28F70D140085C41C /* Assets.xcassets in Resources */ = {isa = PBXBuildFile; fileRef = 281D5EBD28F70D140085C41C /* Assets.xcassets */; };
		281D5EC128F70D140085C41C /* LaunchScreen.storyboard in Resources */ = {isa = PBXBuildFile; fileRef = 281D5EBF28F70D140085C41C /* LaunchScreen.storyboard */; };
		281D5ECC28F70D140085C41C /* MIGHTY_RIDESTests.swift in Sources */ = {isa = PBXBuildFile; fileRef = 281D5ECB28F70D140085C41C /* MIGHTY_RIDESTests.swift */; };
		281D5ED628F70D140085C41C /* MIGHTY_RIDESUITests.swift in Sources */ = {isa = PBXBuildFile; fileRef = 281D5ED528F70D140085C41C /* MIGHTY_RIDESUITests.swift */; };
		281D5ED828F70D140085C41C /* MIGHTY_RIDESUITestsLaunchTests.swift in Sources */ = {isa = PBXBuildFile; fileRef = 281D5ED728F70D140085C41C /* MIGHTY_RIDESUITestsLaunchTests.swift */; };
/* End PBXBuildFile section */

/* Begin PBXContainerItemProxy section */
		281D5EC828F70D140085C41C /* PBXContainerItemProxy */ = {
			isa = PBXContainerItemProxy;
			containerPortal = 281D5EA628F70D110085C41C /* Project object */;
			proxyType = 1;
			remoteGlobalIDString = 281D5EAD28F70D110085C41C;
			remoteInfo = "MIGHTY RIDES";
		};
		281D5ED228F70D140085C41C /* PBXContainerItemProxy */ = {
			isa = PBXContainerItemProxy;
			containerPortal = 281D5EA628F70D110085C41C /* Project object */;
			proxyType = 1;
			remoteGlobalIDString = 281D5EAD28F70D110085C41C;
			remoteInfo = "MIGHTY RIDES";
		};
/* End PBXContainerItemProxy section */

/* Begin PBXFileReference section */
		281D5EAE28F70D110085C41C /* MIGHTY RIDES.app */ = {isa = PBXFileReference; explicitFileType = wrapper.application; includeInIndex = 0; path = "MIGHTY RIDES.app"; sourceTree = BUILT_PRODUCTS_DIR; };
		281D5EB128F70D110085C41C /* AppDelegate.swift */ = {isa = PBXFileReference; lastKnownFileType = sourcecode.swift; path = AppDelegate.swift; sourceTree = "<group>"; };
		281D5EB328F70D110085C41C /* SceneDelegate.swift */ = {isa = PBXFileReference; lastKnownFileType = sourcecode.swift; path = SceneDelegate.swift; sourceTree = "<group>"; };
		281D5EB528F70D110085C41C /* ViewController.swift */ = {isa = PBXFileReference; lastKnownFileType = sourcecode.swift; path = ViewController.swift; sourceTree = "<group>"; };
		281D5EB828F70D110085C41C /* Base */ = {isa = PBXFileReference; lastKnownFileType = file.storyboard; name = Base; path = Base.lproj/Main.storyboard; sourceTree = "<group>"; };
		281D5EBB28F70D110085C41C /* MIGHTY_RIDES.xcdatamodel */ = {isa = PBXFileReference; lastKnownFileType = wrapper.xcdatamodel; path = MIGHTY_RIDES.xcdatamodel; sourceTree = "<group>"; };
		281D5EBD28F70D140085C41C /* Assets.xcassets */ = {isa = PBXFileReference; lastKnownFileType = folder.assetcatalog; path = Assets.xcassets; sourceTree = "<group>"; };
		281D5EC028F70D140085C41C /* Base */ = {isa = PBXFileReference; lastKnownFileType = file.storyboard; name = Base; path = Base.lproj/LaunchScreen.storyboard; sourceTree = "<group>"; };
		281D5EC228F70D140085C41C /* Info.plist */ = {isa = PBXFileReference; lastKnownFileType = text.plist.xml; path = Info.plist; sourceTree = "<group>"; };
		281D5EC728F70D140085C41C /* MIGHTY RIDESTests.xctest */ = {isa = PBXFileReference; explicitFileType = wrapper.cfbundle; includeInIndex = 0; path = "MIGHTY RIDESTests.xctest"; sourceTree = BUILT_PRODUCTS_DIR; };
		281D5ECB28F70D140085C41C /* MIGHTY_RIDESTests.swift */ = {isa = PBXFileReference; lastKnownFileType = sourcecode.swift; path = MIGHTY_RIDESTests.swift; sourceTree = "<group>"; };
		281D5ED128F70D140085C41C /* MIGHTY RIDESUITests.xctest */ = {isa = PBXFileReference; explicitFileType = wrapper.cfbundle; includeInIndex = 0; path = "MIGHTY RIDESUITests.xctest"; sourceTree = BUILT_PRODUCTS_DIR; };
		281D5ED528F70D140085C41C /* MIGHTY_RIDESUITests.swift */ = {isa = PBXFileReference; lastKnownFileType = sourcecode.swift; path = MIGHTY_RIDESUITests.swift; sourceTree = "<group>"; };
		281D5ED728F70D140085C41C /* MIGHTY_RIDESUITestsLaunchTests.swift */ = {isa = PBXFileReference; lastKnownFileType = sourcecode.swift; path = MIGHTY_RIDESUITestsLaunchTests.swift; sourceTree = "<group>"; };
/* End PBXFileReference section */

/* Begin PBXFrameworksBuildPhase section */
		281D5EAB28F70D110085C41C /* Frameworks */ = {
			isa = PBXFrameworksBuildPhase;
			buildActionMask = 2147483647;
			files = (
			);
			runOnlyForDeploymentPostprocessing = 0;
		};
		281D5EC428F70D140085C41C /* Frameworks */ = {
			isa = PBXFrameworksBuildPhase;
			buildActionMask = 2147483647;
			files = (
			);
			runOnlyForDeploymentPostprocessing = 0;
		};
		281D5ECE28F70D140085C41C /* Frameworks */ = {
			isa = PBXFrameworksBuildPhase;
			buildActionMask = 2147483647;
			files = (
			);
			runOnlyForDeploymentPostprocessing = 0;
		};
/* End PBXFrameworksBuildPhase section */

/* Begin PBXGroup section */
		281D5EA528F70D110085C41C = {
			isa = PBXGroup;
			children = (
				281D5EB028F70D110085C41C /* MIGHTY RIDES */,
				281D5ECA28F70D140085C41C /* MIGHTY RIDESTests */,
				281D5ED428F70D140085C41C /* MIGHTY RIDESUITests */,
				281D5EAF28F70D110085C41C /* Products */,
			);
			sourceTree = "<group>";
		};
		281D5EAF28F70D110085C41C /* Products */ = {
			isa = PBXGroup;
			children = (
				281D5EAE28F70D110085C41C /* MIGHTY RIDES.app */,
				281D5EC728F70D140085C41C /* MIGHTY RIDESTests.xctest */,
				281D5ED128F70D140085C41C /* MIGHTY RIDESUITests.xctest */,
			);
			name = Products;
			sourceTree = "<group>";
		};
		281D5EB028F70D110085C41C /* MIGHTY RIDES */ = {
			isa = PBXGroup;
			children = (
				281D5EB128F70D110085C41C /* AppDelegate.swift */,
				281D5EB328F70D110085C41C /* SceneDelegate.swift */,
				281D5EB528F70D110085C41C /* ViewController.swift */,
				281D5EB728F70D110085C41C /* Main.storyboard */,
				281D5EBD28F70D140085C41C /* Assets.xcassets */,
				281D5EBF28F70D140085C41C /* LaunchScreen.storyboard */,
				281D5EC228F70D140085C41C /* Info.plist */,
				281D5EBA28F70D110085C41C /* MIGHTY_RIDES.xcdatamodeld */,
			);
			path = "MIGHTY RIDES";
			sourceTree = "<group>";
		};
		281D5ECA28F70D140085C41C /* MIGHTY RIDESTests */ = {
			isa = PBXGroup;
			children = (
				281D5ECB28F70D140085C41C /* MIGHTY_RIDESTests.swift */,
			);
			path = "MIGHTY RIDESTests";
			sourceTree = "<group>";
		};
		281D5ED428F70D140085C41C /* MIGHTY RIDESUITests */ = {
			isa = PBXGroup;
			children = (
				281D5ED528F70D140085C41C /* MIGHTY_RIDESUITests.swift */,
				281D5ED728F70D140085C41C /* MIGHTY_RIDESUITestsLaunchTests.swift */,
			);
			path = "MIGHTY RIDESUITests";
			sourceTree = "<group>";
		};
/* End PBXGroup section */

/* Begin PBXNativeTarget section */
		281D5EAD28F70D110085C41C /* MIGHTY RIDES */ = {
			isa = PBXNativeTarget;
			buildConfigurationList = 281D5EDB28F70D140085C41C /* Build configuration list for PBXNativeTarget "MIGHTY RIDES" */;
			buildPhases = (
				281D5EAA28F70D110085C41C /* Sources */,
				281D5EAB28F70D110085C41C /* Frameworks */,
				281D5EAC28F70D110085C41C /* Resources */,
			);
			buildRules = (
			);
			dependencies = (
			);
			name = "MIGHTY RIDES";
			productName = "MIGHTY RIDES";
			productReference = 281D5EAE28F70D110085C41C /* MIGHTY RIDES.app */;
			productType = "com.apple.product-type.application";
		};
		281D5EC628F70D140085C41C /* MIGHTY RIDESTests */ = {
			isa = PBXNativeTarget;
			buildConfigurationList = 281D5EDE28F70D140085C41C /* Build configuration list for PBXNativeTarget "MIGHTY RIDESTests" */;
			buildPhases = (
				281D5EC328F70D140085C41C /* Sources */,
				281D5EC428F70D140085C41C /* Frameworks */,
				281D5EC528F70D140085C41C /* Resources */,
			);
			buildRules = (
			);
			dependencies = (
				281D5EC928F70D140085C41C /* PBXTargetDependency */,
			);
			name = "MIGHTY RIDESTests";
			productName = "MIGHTY RIDESTests";
			productReference = 281D5EC728F70D140085C41C /* MIGHTY RIDESTests.xctest */;
			productType = "com.apple.product-type.bundle.unit-test";
		};
		281D5ED028F70D140085C41C /* MIGHTY RIDESUITests */ = {
			isa = PBXNativeTarget;
			buildConfigurationList = 281D5EE128F70D140085C41C /* Build configuration list for PBXNativeTarget "MIGHTY RIDESUITests" */;
			buildPhases = (
				281D5ECD28F70D140085C41C /* Sources */,
				281D5ECE28F70D140085C41C /* Frameworks */,
				281D5ECF28F70D140085C41C /* Resources */,
			);
			buildRules = (
			);
			dependencies = (
				281D5ED328F70D140085C41C /* PBXTargetDependency */,
			);
			name = "MIGHTY RIDESUITests";
			productName = "MIGHTY RIDESUITests";
			productReference = 281D5ED128F70D140085C41C /* MIGHTY RIDESUITests.xctest */;
			productType = "com.apple.product-type.bundle.ui-testing";
		};
/* End PBXNativeTarget section */

/* Begin PBXProject section */
		281D5EA628F70D110085C41C /* Project object */ = {
			isa = PBXProject;
			attributes = {
				BuildIndependentTargetsInParallel = 1;
				LastSwiftUpdateCheck = 1340;
				LastUpgradeCheck = 1340;
				TargetAttributes = {
					281D5EAD28F70D110085C41C = {
						CreatedOnToolsVersion = 13.4.1;
					};
					281D5EC628F70D140085C41C = {
						CreatedOnToolsVersion = 13.4.1;
						TestTargetID = 281D5EAD28F70D110085C41C;
					};
					281D5ED028F70D140085C41C = {
						CreatedOnToolsVersion = 13.4.1;
						TestTargetID = 281D5EAD28F70D110085C41C;
					};
				};
			};
			buildConfigurationList = 281D5EA928F70D110085C41C /* Build configuration list for PBXProject "MIGHTY RIDES" */;
			compatibilityVersion = "Xcode 13.0";
			developmentRegion = en;
			hasScannedForEncodings = 0;
			knownRegions = (
				en,
				Base,
			);
			mainGroup = 281D5EA528F70D110085C41C;
			productRefGroup = 281D5EAF28F70D110085C41C /* Products */;
			projectDirPath = "";
			projectRoot = "";
			targets = (
				281D5EAD28F70D110085C41C /* MIGHTY RIDES */,
				281D5EC628F70D140085C41C /* MIGHTY RIDESTests */,
				281D5ED028F70D140085C41C /* MIGHTY RIDESUITests */,
			);
		};
/* End PBXProject section */

/* Begin PBXResourcesBuildPhase section */
		281D5EAC28F70D110085C41C /* Resources */ = {
			isa = PBXResourcesBuildPhase;
			buildActionMask = 2147483647;
			files = (
				281D5EC128F70D140085C41C /* LaunchScreen.storyboard in Resources */,
				281D5EBE28F70D140085C41C /* Assets.xcassets in Resources */,
				281D5EB928F70D110085C41C /* Main.storyboard in Resources */,
			);
			runOnlyForDeploymentPostprocessing = 0;
		};
		281D5EC528F70D140085C41C /* Resources */ = {
			isa = PBXResourcesBuildPhase;
			buildActionMask = 2147483647;
			files = (
			);
			runOnlyForDeploymentPostprocessing = 0;
		};
		281D5ECF28F70D140085C41C /* Resources */ = {
			isa = PBXResourcesBuildPhase;
			buildActionMask = 2147483647;
			files = (
			);
			runOnlyForDeploymentPostprocessing = 0;
		};
/* End PBXResourcesBuildPhase section */

/* Begin PBXSourcesBuildPhase section */
		281D5EAA28F70D110085C41C /* Sources */ = {
			isa = PBXSourcesBuildPhase;
			buildActionMask = 2147483647;
			files = (
				281D5EB628F70D110085C41C /* ViewController.swift in Sources */,
				281D5EBC28F70D110085C41C /* MIGHTY_RIDES.xcdatamodeld in Sources */,
				281D5EB228F70D110085C41C /* AppDelegate.swift in Sources */,
				281D5EB428F70D110085C41C /* SceneDelegate.swift in Sources */,
			);
			runOnlyForDeploymentPostprocessing = 0;
		};
		281D5EC328F70D140085C41C /* Sources */ = {
			isa = PBXSourcesBuildPhase;
			buildActionMask = 2147483647;
			files = (
				281D5ECC28F70D140085C41C /* MIGHTY_RIDESTests.swift in Sources */,
			);
			runOnlyForDeploymentPostprocessing = 0;
		};
		281D5ECD28F70D140085C41C /* Sources */ = {
			isa = PBXSourcesBuildPhase;
			buildActionMask = 2147483647;
			files = (
				281D5ED828F70D140085C41C /* MIGHTY_RIDESUITestsLaunchTests.swift in Sources */,
				281D5ED628F70D140085C41C /* MIGHTY_RIDESUITests.swift in Sources */,
			);
			runOnlyForDeploymentPostprocessing = 0;
		};
/* End PBXSourcesBuildPhase section */

/* Begin PBXTargetDependency section */
		281D5EC928F70D140085C41C /* PBXTargetDependency */ = {
			isa = PBXTargetDependency;
			target = 281D5EAD28F70D110085C41C /* MIGHTY RIDES */;
			targetProxy = 281D5EC828F70D140085C41C /* PBXContainerItemProxy */;
		};
		281D5ED328F70D140085C41C /* PBXTargetDependency */ = {
			isa = PBXTargetDependency;
			target = 281D5EAD28F70D110085C41C /* MIGHTY RIDES */;
			targetProxy = 281D5ED228F70D140085C41C /* PBXContainerItemProxy */;
		};
/* End PBXTargetDependency section */

/* Begin PBXVariantGroup section */
		281D5EB728F70D110085C41C /* Main.storyboard */ = {
			isa = PBXVariantGroup;
			children = (
				281D5EB828F70D110085C41C /* Base */,
			);
			name = Main.storyboard;
			sourceTree = "<group>";
		};
		281D5EBF28F70D140085C41C /* LaunchScreen.storyboard */ = {
			isa = PBXVariantGroup;
			children = (
				281D5EC028F70D140085C41C /* Base */,
			);
			name = LaunchScreen.storyboard;
			sourceTree = "<group>";
		};
/* End PBXVariantGroup section */

/* Begin XCBuildConfiguration section */
		281D5ED928F70D140085C41C /* Debug */ = {
			isa = XCBuildConfiguration;
			buildSettings = {
				ALWAYS_SEARCH_USER_PATHS = NO;
				CLANG_ANALYZER_NONNULL = YES;
				CLANG_ANALYZER_NUMBER_OBJECT_CONVERSION = YES_AGGRESSIVE;
				CLANG_CXX_LANGUAGE_STANDARD = "gnu++17";
				CLANG_ENABLE_MODULES = YES;
				CLANG_ENABLE_OBJC_ARC = YES;
				CLANG_ENABLE_OBJC_WEAK = YES;
				CLANG_WARN_BLOCK_CAPTURE_AUTORELEASING = YES;
				CLANG_WARN_BOOL_CONVERSION = YES;
				CLANG_WARN_COMMA = YES;
				CLANG_WARN_CONSTANT_CONVERSION = YES;
				CLANG_WARN_DEPRECATED_OBJC_IMPLEMENTATIONS = YES;
				CLANG_WARN_DIRECT_OBJC_ISA_USAGE = YES_ERROR;
				CLANG_WARN_DOCUMENTATION_COMMENTS = YES;
				CLANG_WARN_EMPTY_BODY = YES;
				CLANG_WARN_ENUM_CONVERSION = YES;
				CLANG_WARN_INFINITE_RECURSION = YES;
				CLANG_WARN_INT_CONVERSION = YES;
				CLANG_WARN_NON_LITERAL_NULL_CONVERSION = YES;
				CLANG_WARN_OBJC_IMPLICIT_RETAIN_SELF = YES;
				CLANG_WARN_OBJC_LITERAL_CONVERSION = YES;
				CLANG_WARN_OBJC_ROOT_CLASS = YES_ERROR;
				CLANG_WARN_QUOTED_INCLUDE_IN_FRAMEWORK_HEADER = YES;
				CLANG_WARN_RANGE_LOOP_ANALYSIS = YES;
				CLANG_WARN_STRICT_PROTOTYPES = YES;
				CLANG_WARN_SUSPICIOUS_MOVE = YES;
				CLANG_WARN_UNGUARDED_AVAILABILITY = YES_AGGRESSIVE;
				CLANG_WARN_UNREACHABLE_CODE = YES;
				CLANG_WARN__DUPLICATE_METHOD_MATCH = YES;
				COPY_PHASE_STRIP = NO;
				DEBUG_INFORMATION_FORMAT = dwarf;
				ENABLE_STRICT_OBJC_MSGSEND = YES;
				ENABLE_TESTABILITY = YES;
				GCC_C_LANGUAGE_STANDARD = gnu11;
				GCC_DYNAMIC_NO_PIC = NO;
				GCC_NO_COMMON_BLOCKS = YES;
				GCC_OPTIMIZATION_LEVEL = 0;
				GCC_PREPROCESSOR_DEFINITIONS = (
					"DEBUG=1",
					"$(inherited)",
				);
				GCC_WARN_64_TO_32_BIT_CONVERSION = YES;
				GCC_WARN_ABOUT_RETURN_TYPE = YES_ERROR;
				GCC_WARN_UNDECLARED_SELECTOR = YES;
				GCC_WARN_UNINITIALIZED_AUTOS = YES_AGGRESSIVE;
				GCC_WARN_UNUSED_FUNCTION = YES;
				GCC_WARN_UNUSED_VARIABLE = YES;
				IPHONEOS_DEPLOYMENT_TARGET = 15.5;
				MTL_ENABLE_DEBUG_INFO = INCLUDE_SOURCE;
				MTL_FAST_MATH = YES;
				ONLY_ACTIVE_ARCH = YES;
				SDKROOT = iphoneos;
				SWIFT_ACTIVE_COMPILATION_CONDITIONS = DEBUG;
				SWIFT_OPTIMIZATION_LEVEL = "-Onone";
			};
			name = Debug;
		};
		281D5EDA28F70D140085C41C /* Release */ = {
			isa = XCBuildConfiguration;
			buildSettings = {
				ALWAYS_SEARCH_USER_PATHS = NO;
				CLANG_ANALYZER_NONNULL = YES;
				CLANG_ANALYZER_NUMBER_OBJECT_CONVERSION = YES_AGGRESSIVE;
				CLANG_CXX_LANGUAGE_STANDARD = "gnu++17";
				CLANG_ENABLE_MODULES = YES;
				CLANG_ENABLE_OBJC_ARC = YES;
				CLANG_ENABLE_OBJC_WEAK = YES;
				CLANG_WARN_BLOCK_CAPTURE_AUTORELEASING = YES;
				CLANG_WARN_BOOL_CONVERSION = YES;
				CLANG_WARN_COMMA = YES;
				CLANG_WARN_CONSTANT_CONVERSION = YES;
				CLANG_WARN_DEPRECATED_OBJC_IMPLEMENTATIONS = YES;
				CLANG_WARN_DIRECT_OBJC_ISA_USAGE = YES_ERROR;
				CLANG_WARN_DOCUMENTATION_COMMENTS = YES;
				CLANG_WARN_EMPTY_BODY = YES;
				CLANG_WARN_ENUM_CONVERSION = YES;
				CLANG_WARN_INFINITE_RECURSION = YES;
				CLANG_WARN_INT_CONVERSION = YES;
				CLANG_WARN_NON_LITERAL_NULL_CONVERSION = YES;
				CLANG_WARN_OBJC_IMPLICIT_RETAIN_SELF = YES;
				CLANG_WARN_OBJC_LITERAL_CONVERSION = YES;
				CLANG_WARN_OBJC_ROOT_CLASS = YES_ERROR;
				CLANG_WARN_QUOTED_INCLUDE_IN_FRAMEWORK_HEADER = YES;
				CLANG_WARN_RANGE_LOOP_ANALYSIS = YES;
				CLANG_WARN_STRICT_PROTOTYPES = YES;
				CLANG_WARN_SUSPICIOUS_MOVE = YES;
				CLANG_WARN_UNGUARDED_AVAILABILITY = YES_AGGRESSIVE;
				CLANG_WARN_UNREACHABLE_CODE = YES;
				CLANG_WARN__DUPLICATE_METHOD_MATCH = YES;
				COPY_PHASE_STRIP = NO;
				DEBUG_INFORMATION_FORMAT = "dwarf-with-dsym";
				ENABLE_NS_ASSERTIONS = NO;
				ENABLE_STRICT_OBJC_MSGSEND = YES;
				GCC_C_LANGUAGE_STANDARD = gnu11;
				GCC_NO_COMMON_BLOCKS = YES;
				GCC_WARN_64_TO_32_BIT_CONVERSION = YES;
				GCC_WARN_ABOUT_RETURN_TYPE = YES_ERROR;
				GCC_WARN_UNDECLARED_SELECTOR = YES;
				GCC_WARN_UNINITIALIZED_AUTOS = YES_AGGRESSIVE;
				GCC_WARN_UNUSED_FUNCTION = YES;
				GCC_WARN_UNUSED_VARIABLE = YES;
				IPHONEOS_DEPLOYMENT_TARGET = 15.5;
				MTL_ENABLE_DEBUG_INFO = NO;
				MTL_FAST_MATH = YES;
				SDKROOT = iphoneos;
				SWIFT_COMPILATION_MODE = wholemodule;
				SWIFT_OPTIMIZATION_LEVEL = "-O";
				VALIDATE_PRODUCT = YES;
			};
			name = Release;
		};
		281D5EDC28F70D140085C41C /* Debug */ = {
			isa = XCBuildConfiguration;
			buildSettings = {
				ASSETCATALOG_COMPILER_APPICON_NAME = AppIcon;
				ASSETCATALOG_COMPILER_GLOBAL_ACCENT_COLOR_NAME = AccentColor;
				CODE_SIGN_STYLE = Automatic;
				CURRENT_PROJECT_VERSION = 1;
				DEVELOPMENT_TEAM = JF82J793N5;
				GENERATE_INFOPLIST_FILE = YES;
				INFOPLIST_FILE = "MIGHTY RIDES/Info.plist";
				INFOPLIST_KEY_UIApplicationSupportsIndirectInputEvents = YES;
				INFOPLIST_KEY_UILaunchStoryboardName = LaunchScreen;
				INFOPLIST_KEY_UIMainStoryboardFile = Main;
				INFOPLIST_KEY_UISupportedInterfaceOrientations_iPad = "UIInterfaceOrientationPortrait UIInterfaceOrientationPortraitUpsideDown UIInterfaceOrientationLandscapeLeft UIInterfaceOrientationLandscapeRight";
				INFOPLIST_KEY_UISupportedInterfaceOrientations_iPhone = "UIInterfaceOrientationPortrait UIInterfaceOrientationLandscapeLeft UIInterfaceOrientationLandscapeRight";
				LD_RUNPATH_SEARCH_PATHS = (
					"$(inherited)",
					"@executable_path/Frameworks",
				);
				MARKETING_VERSION = 1.0;
				PRODUCT_BUNDLE_IDENTIFIER = "mwine.MIGHTY-RIDES";
				PRODUCT_NAME = "$(TARGET_NAME)";
				SWIFT_EMIT_LOC_STRINGS = YES;
				SWIFT_VERSION = 5.0;
				TARGETED_DEVICE_FAMILY = "1,2";
			};
			name = Debug;
		};
		281D5EDD28F70D140085C41C /* Release */ = {
			isa = XCBuildConfiguration;
			buildSettings = {
				ASSETCATALOG_COMPILER_APPICON_NAME = AppIcon;
				ASSETCATALOG_COMPILER_GLOBAL_ACCENT_COLOR_NAME = AccentColor;
				CODE_SIGN_STYLE = Automatic;
				CURRENT_PROJECT_VERSION = 1;
				DEVELOPMENT_TEAM = JF82J793N5;
				GENERATE_INFOPLIST_FILE = YES;
				INFOPLIST_FILE = "MIGHTY RIDES/Info.plist";
				INFOPLIST_KEY_UIApplicationSupportsIndirectInputEvents = YES;
				INFOPLIST_KEY_UILaunchStoryboardName = LaunchScreen;
				INFOPLIST_KEY_UIMainStoryboardFile = Main;
				INFOPLIST_KEY_UISupportedInterfaceOrientations_iPad = "UIInterfaceOrientationPortrait UIInterfaceOrientationPortraitUpsideDown UIInterfaceOrientationLandscapeLeft UIInterfaceOrientationLandscapeRight";
				INFOPLIST_KEY_UISupportedInterfaceOrientations_iPhone = "UIInterfaceOrientationPortrait UIInterfaceOrientationLandscapeLeft UIInterfaceOrientationLandscapeRight";
				LD_RUNPATH_SEARCH_PATHS = (
					"$(inherited)",
					"@executable_path/Frameworks",
				);
				MARKETING_VERSION = 1.0;
				PRODUCT_BUNDLE_IDENTIFIER = "mwine.MIGHTY-RIDES";
				PRODUCT_NAME = "$(TARGET_NAME)";
				SWIFT_EMIT_LOC_STRINGS = YES;
				SWIFT_VERSION = 5.0;
				TARGETED_DEVICE_FAMILY = "1,2";
			};
			name = Release;
		};
		281D5EDF28F70D140085C41C /* Debug */ = {
			isa = XCBuildConfiguration;
			buildSettings = {
				ALWAYS_EMBED_SWIFT_STANDARD_LIBRARIES = YES;
				BUNDLE_LOADER = "$(TEST_HOST)";
				CODE_SIGN_STYLE = Automatic;
				CURRENT_PROJECT_VERSION = 1;
				DEVELOPMENT_TEAM = JF82J793N5;
				GENERATE_INFOPLIST_FILE = YES;
				IPHONEOS_DEPLOYMENT_TARGET = 15.5;
				MARKETING_VERSION = 1.0;
				PRODUCT_BUNDLE_IDENTIFIER = "mwine.MIGHTY-RIDESTests";
				PRODUCT_NAME = "$(TARGET_NAME)";
				SWIFT_EMIT_LOC_STRINGS = NO;
				SWIFT_VERSION = 5.0;
				TARGETED_DEVICE_FAMILY = "1,2";
				TEST_HOST = "$(BUILT_PRODUCTS_DIR)/MIGHTY RIDES.app/MIGHTY RIDES";
			};
			name = Debug;
		};
		281D5EE028F70D140085C41C /* Release */ = {
			isa = XCBuildConfiguration;
			buildSettings = {
				ALWAYS_EMBED_SWIFT_STANDARD_LIBRARIES = YES;
				BUNDLE_LOADER = "$(TEST_HOST)";
				CODE_SIGN_STYLE = Automatic;
				CURRENT_PROJECT_VERSION = 1;
				DEVELOPMENT_TEAM = JF82J793N5;
				GENERATE_INFOPLIST_FILE = YES;
				IPHONEOS_DEPLOYMENT_TARGET = 15.5;
				MARKETING_VERSION = 1.0;
				PRODUCT_BUNDLE_IDENTIFIER = "mwine.MIGHTY-RIDESTests";
				PRODUCT_NAME = "$(TARGET_NAME)";
				SWIFT_EMIT_LOC_STRINGS = NO;
				SWIFT_VERSION = 5.0;
				TARGETED_DEVICE_FAMILY = "1,2";
				TEST_HOST = "$(BUILT_PRODUCTS_DIR)/MIGHTY RIDES.app/MIGHTY RIDES";
			};
			name = Release;
		};
		281D5EE228F70D140085C41C /* Debug */ = {
			isa = XCBuildConfiguration;
			buildSettings = {
				ALWAYS_EMBED_SWIFT_STANDARD_LIBRARIES = YES;
				CODE_SIGN_STYLE = Automatic;
				CURRENT_PROJECT_VERSION = 1;
				DEVELOPMENT_TEAM = JF82J793N5;
				GENERATE_INFOPLIST_FILE = YES;
				MARKETING_VERSION = 1.0;
				PRODUCT_BUNDLE_IDENTIFIER = "mwine.MIGHTY-RIDESUITests";
				PRODUCT_NAME = "$(TARGET_NAME)";
				SWIFT_EMIT_LOC_STRINGS = NO;
				SWIFT_VERSION = 5.0;
				TARGETED_DEVICE_FAMILY = "1,2";
				TEST_TARGET_NAME = "MIGHTY RIDES";
			};
			name = Debug;
		};
		281D5EE328F70D140085C41C /* Release */ = {
			isa = XCBuildConfiguration;
			buildSettings = {
				ALWAYS_EMBED_SWIFT_STANDARD_LIBRARIES = YES;
				CODE_SIGN_STYLE = Automatic;
				CURRENT_PROJECT_VERSION = 1;
				DEVELOPMENT_TEAM = JF82J793N5;
				GENERATE_INFOPLIST_FILE = YES;
				MARKETING_VERSION = 1.0;
				PRODUCT_BUNDLE_IDENTIFIER = "mwine.MIGHTY-RIDESUITests";
				PRODUCT_NAME = "$(TARGET_NAME)";
				SWIFT_EMIT_LOC_STRINGS = NO;
				SWIFT_VERSION = 5.0;
				TARGETED_DEVICE_FAMILY = "1,2";
				TEST_TARGET_NAME = "MIGHTY RIDES";
			};
			name = Release;
		};
/* End XCBuildConfiguration section */

/* Begin XCConfigurationList section */
		281D5EA928F70D110085C41C /* Build configuration list for PBXProject "MIGHTY RIDES" */ = {
			isa = XCConfigurationList;
			buildConfigurations = (
				281D5ED928F70D140085C41C /* Debug */,
				281D5EDA28F70D140085C41C /* Release */,
			);
			defaultConfigurationIsVisible = 0;
			defaultConfigurationName = Release;
		};
		281D5EDB28F70D140085C41C /* Build configuration list for PBXNativeTarget "MIGHTY RIDES" */ = {
			isa = XCConfigurationList;
			buildConfigurations = (
				281D5EDC28F70D140085C41C /* Debug */,
				281D5EDD28F70D140085C41C /* Release */,
			);
			defaultConfigurationIsVisible = 0;
			defaultConfigurationName = Release;
		};
		281D5EDE28F70D140085C41C /* Build configuration list for PBXNativeTarget "MIGHTY RIDESTests" */ = {
			isa = XCConfigurationList;
			buildConfigurations = (
				281D5EDF28F70D140085C41C /* Debug */,
				281D5EE028F70D140085C41C /* Release */,
			);
			defaultConfigurationIsVisible = 0;
			defaultConfigurationName = Release;
		};
		281D5EE128F70D140085C41C /* Build configuration list for PBXNativeTarget "MIGHTY RIDESUITests" */ = {
			isa = XCConfigurationList;
			buildConfigurations = (
				281D5EE228F70D140085C41C /* Debug */,
				281D5EE328F70D140085C41C /* Release */,
			);
			defaultConfigurationIsVisible = 0;
			defaultConfigurationName = Release;
		};
/* End XCConfigurationList section */

/* Begin XCVersionGroup section */
		281D5EBA28F70D110085C41C /* MIGHTY_RIDES.xcdatamodeld */ = {
			isa = XCVersionGroup;
			children = (
				281D5EBB28F70D110085C41C /* MIGHTY_RIDES.xcdatamodel */,
			);
			currentVersion = 281D5EBB28F70D110085C41C /* MIGHTY_RIDES.xcdatamodel */;
			path = MIGHTY_RIDES.xcdatamodeld;
			sourceTree = "<group>";
			versionGroupType = wrapper.xcdatamodel;
		};
/* End XCVersionGroup section */
	};
	rootObject = 281D5EA628F70D110085C41C /* Project object */;
}
