// !$*UTF8*$!
{
	archiveVersion = 1;
	classes = {
	};
	objectVersion = 55;
	objects = {

/* Begin PBXBuildFile section */
		280BC89528D65F4A00D52EF4 /* AppDelegate.swift in Sources */ = {isa = PBXBuildFile; fileRef = 280BC89428D65F4A00D52EF4 /* AppDelegate.swift */; };
		280BC89728D65F4A00D52EF4 /* SceneDelegate.swift in Sources */ = {isa = PBXBuildFile; fileRef = 280BC89628D65F4A00D52EF4 /* SceneDelegate.swift */; };
		280BC89928D65F4A00D52EF4 /* ViewController.swift in Sources */ = {isa = PBXBuildFile; fileRef = 280BC89828D65F4A00D52EF4 /* ViewController.swift */; };
		280BC89C28D65F4A00D52EF4 /* Main.storyboard in Resources */ = {isa = PBXBuildFile; fileRef = 280BC89A28D65F4A00D52EF4 /* Main.storyboard */; };
		280BC89E28D65F4D00D52EF4 /* Assets.xcassets in Resources */ = {isa = PBXBuildFile; fileRef = 280BC89D28D65F4D00D52EF4 /* Assets.xcassets */; };
		280BC8A128D65F4D00D52EF4 /* LaunchScreen.storyboard in Resources */ = {isa = PBXBuildFile; fileRef = 280BC89F28D65F4D00D52EF4 /* LaunchScreen.storyboard */; };
		280BC8AC28D65F4D00D52EF4 /* Password_GeneratorTests.swift in Sources */ = {isa = PBXBuildFile; fileRef = 280BC8AB28D65F4D00D52EF4 /* Password_GeneratorTests.swift */; };
		280BC8B628D65F4D00D52EF4 /* Password_GeneratorUITests.swift in Sources */ = {isa = PBXBuildFile; fileRef = 280BC8B528D65F4D00D52EF4 /* Password_GeneratorUITests.swift */; };
		280BC8B828D65F4D00D52EF4 /* Password_GeneratorUITestsLaunchTests.swift in Sources */ = {isa = PBXBuildFile; fileRef = 280BC8B728D65F4D00D52EF4 /* Password_GeneratorUITestsLaunchTests.swift */; };
/* End PBXBuildFile section */

/* Begin PBXContainerItemProxy section */
		280BC8A828D65F4D00D52EF4 /* PBXContainerItemProxy */ = {
			isa = PBXContainerItemProxy;
			containerPortal = 280BC88928D65F4A00D52EF4 /* Project object */;
			proxyType = 1;
			remoteGlobalIDString = 280BC89028D65F4A00D52EF4;
			remoteInfo = "Password Generator";
		};
		280BC8B228D65F4D00D52EF4 /* PBXContainerItemProxy */ = {
			isa = PBXContainerItemProxy;
			containerPortal = 280BC88928D65F4A00D52EF4 /* Project object */;
			proxyType = 1;
			remoteGlobalIDString = 280BC89028D65F4A00D52EF4;
			remoteInfo = "Password Generator";
		};
/* End PBXContainerItemProxy section */

/* Begin PBXFileReference section */
		280BC89128D65F4A00D52EF4 /* Password Generator.app */ = {isa = PBXFileReference; explicitFileType = wrapper.application; includeInIndex = 0; path = "Password Generator.app"; sourceTree = BUILT_PRODUCTS_DIR; };
		280BC89428D65F4A00D52EF4 /* AppDelegate.swift */ = {isa = PBXFileReference; lastKnownFileType = sourcecode.swift; path = AppDelegate.swift; sourceTree = "<group>"; };
		280BC89628D65F4A00D52EF4 /* SceneDelegate.swift */ = {isa = PBXFileReference; lastKnownFileType = sourcecode.swift; path = SceneDelegate.swift; sourceTree = "<group>"; };
		280BC89828D65F4A00D52EF4 /* ViewController.swift */ = {isa = PBXFileReference; lastKnownFileType = sourcecode.swift; path = ViewController.swift; sourceTree = "<group>"; };
		280BC89B28D65F4A00D52EF4 /* Base */ = {isa = PBXFileReference; lastKnownFileType = file.storyboard; name = Base; path = Base.lproj/Main.storyboard; sourceTree = "<group>"; };
		280BC89D28D65F4D00D52EF4 /* Assets.xcassets */ = {isa = PBXFileReference; lastKnownFileType = folder.assetcatalog; path = Assets.xcassets; sourceTree = "<group>"; };
		280BC8A028D65F4D00D52EF4 /* Base */ = {isa = PBXFileReference; lastKnownFileType = file.storyboard; name = Base; path = Base.lproj/LaunchScreen.storyboard; sourceTree = "<group>"; };
		280BC8A228D65F4D00D52EF4 /* Info.plist */ = {isa = PBXFileReference; lastKnownFileType = text.plist.xml; path = Info.plist; sourceTree = "<group>"; };
		280BC8A728D65F4D00D52EF4 /* Password GeneratorTests.xctest */ = {isa = PBXFileReference; explicitFileType = wrapper.cfbundle; includeInIndex = 0; path = "Password GeneratorTests.xctest"; sourceTree = BUILT_PRODUCTS_DIR; };
		280BC8AB28D65F4D00D52EF4 /* Password_GeneratorTests.swift */ = {isa = PBXFileReference; lastKnownFileType = sourcecode.swift; path = Password_GeneratorTests.swift; sourceTree = "<group>"; };
		280BC8B128D65F4D00D52EF4 /* Password GeneratorUITests.xctest */ = {isa = PBXFileReference; explicitFileType = wrapper.cfbundle; includeInIndex = 0; path = "Password GeneratorUITests.xctest"; sourceTree = BUILT_PRODUCTS_DIR; };
		280BC8B528D65F4D00D52EF4 /* Password_GeneratorUITests.swift */ = {isa = PBXFileReference; lastKnownFileType = sourcecode.swift; path = Password_GeneratorUITests.swift; sourceTree = "<group>"; };
		280BC8B728D65F4D00D52EF4 /* Password_GeneratorUITestsLaunchTests.swift */ = {isa = PBXFileReference; lastKnownFileType = sourcecode.swift; path = Password_GeneratorUITestsLaunchTests.swift; sourceTree = "<group>"; };
/* End PBXFileReference section */

/* Begin PBXFrameworksBuildPhase section */
		280BC88E28D65F4A00D52EF4 /* Frameworks */ = {
			isa = PBXFrameworksBuildPhase;
			buildActionMask = 2147483647;
			files = (
			);
			runOnlyForDeploymentPostprocessing = 0;
		};
		280BC8A428D65F4D00D52EF4 /* Frameworks */ = {
			isa = PBXFrameworksBuildPhase;
			buildActionMask = 2147483647;
			files = (
			);
			runOnlyForDeploymentPostprocessing = 0;
		};
		280BC8AE28D65F4D00D52EF4 /* Frameworks */ = {
			isa = PBXFrameworksBuildPhase;
			buildActionMask = 2147483647;
			files = (
			);
			runOnlyForDeploymentPostprocessing = 0;
		};
/* End PBXFrameworksBuildPhase section */

/* Begin PBXGroup section */
		280BC88828D65F4A00D52EF4 = {
			isa = PBXGroup;
			children = (
				280BC89328D65F4A00D52EF4 /* Password Generator */,
				280BC8AA28D65F4D00D52EF4 /* Password GeneratorTests */,
				280BC8B428D65F4D00D52EF4 /* Password GeneratorUITests */,
				280BC89228D65F4A00D52EF4 /* Products */,
			);
			sourceTree = "<group>";
		};
		280BC89228D65F4A00D52EF4 /* Products */ = {
			isa = PBXGroup;
			children = (
				280BC89128D65F4A00D52EF4 /* Password Generator.app */,
				280BC8A728D65F4D00D52EF4 /* Password GeneratorTests.xctest */,
				280BC8B128D65F4D00D52EF4 /* Password GeneratorUITests.xctest */,
			);
			name = Products;
			sourceTree = "<group>";
		};
		280BC89328D65F4A00D52EF4 /* Password Generator */ = {
			isa = PBXGroup;
			children = (
				280BC89428D65F4A00D52EF4 /* AppDelegate.swift */,
				280BC89628D65F4A00D52EF4 /* SceneDelegate.swift */,
				280BC89828D65F4A00D52EF4 /* ViewController.swift */,
				280BC89A28D65F4A00D52EF4 /* Main.storyboard */,
				280BC89D28D65F4D00D52EF4 /* Assets.xcassets */,
				280BC89F28D65F4D00D52EF4 /* LaunchScreen.storyboard */,
				280BC8A228D65F4D00D52EF4 /* Info.plist */,
			);
			path = "Password Generator";
			sourceTree = "<group>";
		};
		280BC8AA28D65F4D00D52EF4 /* Password GeneratorTests */ = {
			isa = PBXGroup;
			children = (
				280BC8AB28D65F4D00D52EF4 /* Password_GeneratorTests.swift */,
			);
			path = "Password GeneratorTests";
			sourceTree = "<group>";
		};
		280BC8B428D65F4D00D52EF4 /* Password GeneratorUITests */ = {
			isa = PBXGroup;
			children = (
				280BC8B528D65F4D00D52EF4 /* Password_GeneratorUITests.swift */,
				280BC8B728D65F4D00D52EF4 /* Password_GeneratorUITestsLaunchTests.swift */,
			);
			path = "Password GeneratorUITests";
			sourceTree = "<group>";
		};
/* End PBXGroup section */

/* Begin PBXNativeTarget section */
		280BC89028D65F4A00D52EF4 /* Password Generator */ = {
			isa = PBXNativeTarget;
			buildConfigurationList = 280BC8BB28D65F4D00D52EF4 /* Build configuration list for PBXNativeTarget "Password Generator" */;
			buildPhases = (
				280BC88D28D65F4A00D52EF4 /* Sources */,
				280BC88E28D65F4A00D52EF4 /* Frameworks */,
				280BC88F28D65F4A00D52EF4 /* Resources */,
			);
			buildRules = (
			);
			dependencies = (
			);
			name = "Password Generator";
			productName = "Password Generator";
			productReference = 280BC89128D65F4A00D52EF4 /* Password Generator.app */;
			productType = "com.apple.product-type.application";
		};
		280BC8A628D65F4D00D52EF4 /* Password GeneratorTests */ = {
			isa = PBXNativeTarget;
			buildConfigurationList = 280BC8BE28D65F4D00D52EF4 /* Build configuration list for PBXNativeTarget "Password GeneratorTests" */;
			buildPhases = (
				280BC8A328D65F4D00D52EF4 /* Sources */,
				280BC8A428D65F4D00D52EF4 /* Frameworks */,
				280BC8A528D65F4D00D52EF4 /* Resources */,
			);
			buildRules = (
			);
			dependencies = (
				280BC8A928D65F4D00D52EF4 /* PBXTargetDependency */,
			);
			name = "Password GeneratorTests";
			productName = "Password GeneratorTests";
			productReference = 280BC8A728D65F4D00D52EF4 /* Password GeneratorTests.xctest */;
			productType = "com.apple.product-type.bundle.unit-test";
		};
		280BC8B028D65F4D00D52EF4 /* Password GeneratorUITests */ = {
			isa = PBXNativeTarget;
			buildConfigurationList = 280BC8C128D65F4D00D52EF4 /* Build configuration list for PBXNativeTarget "Password GeneratorUITests" */;
			buildPhases = (
				280BC8AD28D65F4D00D52EF4 /* Sources */,
				280BC8AE28D65F4D00D52EF4 /* Frameworks */,
				280BC8AF28D65F4D00D52EF4 /* Resources */,
			);
			buildRules = (
			);
			dependencies = (
				280BC8B328D65F4D00D52EF4 /* PBXTargetDependency */,
			);
			name = "Password GeneratorUITests";
			productName = "Password GeneratorUITests";
			productReference = 280BC8B128D65F4D00D52EF4 /* Password GeneratorUITests.xctest */;
			productType = "com.apple.product-type.bundle.ui-testing";
		};
/* End PBXNativeTarget section */

/* Begin PBXProject section */
		280BC88928D65F4A00D52EF4 /* Project object */ = {
			isa = PBXProject;
			attributes = {
				BuildIndependentTargetsInParallel = 1;
				LastSwiftUpdateCheck = 1340;
				LastUpgradeCheck = 1340;
				TargetAttributes = {
					280BC89028D65F4A00D52EF4 = {
						CreatedOnToolsVersion = 13.4.1;
					};
					280BC8A628D65F4D00D52EF4 = {
						CreatedOnToolsVersion = 13.4.1;
						TestTargetID = 280BC89028D65F4A00D52EF4;
					};
					280BC8B028D65F4D00D52EF4 = {
						CreatedOnToolsVersion = 13.4.1;
						TestTargetID = 280BC89028D65F4A00D52EF4;
					};
				};
			};
			buildConfigurationList = 280BC88C28D65F4A00D52EF4 /* Build configuration list for PBXProject "Password Generator" */;
			compatibilityVersion = "Xcode 13.0";
			developmentRegion = en;
			hasScannedForEncodings = 0;
			knownRegions = (
				en,
				Base,
			);
			mainGroup = 280BC88828D65F4A00D52EF4;
			productRefGroup = 280BC89228D65F4A00D52EF4 /* Products */;
			projectDirPath = "";
			projectRoot = "";
			targets = (
				280BC89028D65F4A00D52EF4 /* Password Generator */,
				280BC8A628D65F4D00D52EF4 /* Password GeneratorTests */,
				280BC8B028D65F4D00D52EF4 /* Password GeneratorUITests */,
			);
		};
/* End PBXProject section */

/* Begin PBXResourcesBuildPhase section */
		280BC88F28D65F4A00D52EF4 /* Resources */ = {
			isa = PBXResourcesBuildPhase;
			buildActionMask = 2147483647;
			files = (
				280BC8A128D65F4D00D52EF4 /* LaunchScreen.storyboard in Resources */,
				280BC89E28D65F4D00D52EF4 /* Assets.xcassets in Resources */,
				280BC89C28D65F4A00D52EF4 /* Main.storyboard in Resources */,
			);
			runOnlyForDeploymentPostprocessing = 0;
		};
		280BC8A528D65F4D00D52EF4 /* Resources */ = {
			isa = PBXResourcesBuildPhase;
			buildActionMask = 2147483647;
			files = (
			);
			runOnlyForDeploymentPostprocessing = 0;
		};
		280BC8AF28D65F4D00D52EF4 /* Resources */ = {
			isa = PBXResourcesBuildPhase;
			buildActionMask = 2147483647;
			files = (
			);
			runOnlyForDeploymentPostprocessing = 0;
		};
/* End PBXResourcesBuildPhase section */

/* Begin PBXSourcesBuildPhase section */
		280BC88D28D65F4A00D52EF4 /* Sources */ = {
			isa = PBXSourcesBuildPhase;
			buildActionMask = 2147483647;
			files = (
				280BC89928D65F4A00D52EF4 /* ViewController.swift in Sources */,
				280BC89528D65F4A00D52EF4 /* AppDelegate.swift in Sources */,
				280BC89728D65F4A00D52EF4 /* SceneDelegate.swift in Sources */,
			);
			runOnlyForDeploymentPostprocessing = 0;
		};
		280BC8A328D65F4D00D52EF4 /* Sources */ = {
			isa = PBXSourcesBuildPhase;
			buildActionMask = 2147483647;
			files = (
				280BC8AC28D65F4D00D52EF4 /* Password_GeneratorTests.swift in Sources */,
			);
			runOnlyForDeploymentPostprocessing = 0;
		};
		280BC8AD28D65F4D00D52EF4 /* Sources */ = {
			isa = PBXSourcesBuildPhase;
			buildActionMask = 2147483647;
			files = (
				280BC8B628D65F4D00D52EF4 /* Password_GeneratorUITests.swift in Sources */,
				280BC8B828D65F4D00D52EF4 /* Password_GeneratorUITestsLaunchTests.swift in Sources */,
			);
			runOnlyForDeploymentPostprocessing = 0;
		};
/* End PBXSourcesBuildPhase section */

/* Begin PBXTargetDependency section */
		280BC8A928D65F4D00D52EF4 /* PBXTargetDependency */ = {
			isa = PBXTargetDependency;
			target = 280BC89028D65F4A00D52EF4 /* Password Generator */;
			targetProxy = 280BC8A828D65F4D00D52EF4 /* PBXContainerItemProxy */;
		};
		280BC8B328D65F4D00D52EF4 /* PBXTargetDependency */ = {
			isa = PBXTargetDependency;
			target = 280BC89028D65F4A00D52EF4 /* Password Generator */;
			targetProxy = 280BC8B228D65F4D00D52EF4 /* PBXContainerItemProxy */;
		};
/* End PBXTargetDependency section */

/* Begin PBXVariantGroup section */
		280BC89A28D65F4A00D52EF4 /* Main.storyboard */ = {
			isa = PBXVariantGroup;
			children = (
				280BC89B28D65F4A00D52EF4 /* Base */,
			);
			name = Main.storyboard;
			sourceTree = "<group>";
		};
		280BC89F28D65F4D00D52EF4 /* LaunchScreen.storyboard */ = {
			isa = PBXVariantGroup;
			children = (
				280BC8A028D65F4D00D52EF4 /* Base */,
			);
			name = LaunchScreen.storyboard;
			sourceTree = "<group>";
		};
/* End PBXVariantGroup section */

/* Begin XCBuildConfiguration section */
		280BC8B928D65F4D00D52EF4 /* Debug */ = {
			isa = XCBuildConfiguration;
			buildSettings = {
				ALWAYS_SEARCH_USER_PATHS = NO;
				CLANG_ANALYZER_NONNULL = YES;
				CLANG_ANALYZER_NUMBER_OBJECT_CONVERSION = YES_AGGRESSIVE;
				CLANG_CXX_LANGUAGE_STANDARD = "gnu++17";
				CLANG_ENABLE_MODULES = YES;
				CLANG_ENABLE_OBJC_ARC = YES;
				CLANG_ENABLE_OBJC_WEAK = YES;
				CLANG_WARN_BLOCK_CAPTURE_AUTORELEASING = YES;
				CLANG_WARN_BOOL_CONVERSION = YES;
				CLANG_WARN_COMMA = YES;
				CLANG_WARN_CONSTANT_CONVERSION = YES;
				CLANG_WARN_DEPRECATED_OBJC_IMPLEMENTATIONS = YES;
				CLANG_WARN_DIRECT_OBJC_ISA_USAGE = YES_ERROR;
				CLANG_WARN_DOCUMENTATION_COMMENTS = YES;
				CLANG_WARN_EMPTY_BODY = YES;
				CLANG_WARN_ENUM_CONVERSION = YES;
				CLANG_WARN_INFINITE_RECURSION = YES;
				CLANG_WARN_INT_CONVERSION = YES;
				CLANG_WARN_NON_LITERAL_NULL_CONVERSION = YES;
				CLANG_WARN_OBJC_IMPLICIT_RETAIN_SELF = YES;
				CLANG_WARN_OBJC_LITERAL_CONVERSION = YES;
				CLANG_WARN_OBJC_ROOT_CLASS = YES_ERROR;
				CLANG_WARN_QUOTED_INCLUDE_IN_FRAMEWORK_HEADER = YES;
				CLANG_WARN_RANGE_LOOP_ANALYSIS = YES;
				CLANG_WARN_STRICT_PROTOTYPES = YES;
				CLANG_WARN_SUSPICIOUS_MOVE = YES;
				CLANG_WARN_UNGUARDED_AVAILABILITY = YES_AGGRESSIVE;
				CLANG_WARN_UNREACHABLE_CODE = YES;
				CLANG_WARN__DUPLICATE_METHOD_MATCH = YES;
				COPY_PHASE_STRIP = NO;
				DEBUG_INFORMATION_FORMAT = dwarf;
				ENABLE_STRICT_OBJC_MSGSEND = YES;
				ENABLE_TESTABILITY = YES;
				GCC_C_LANGUAGE_STANDARD = gnu11;
				GCC_DYNAMIC_NO_PIC = NO;
				GCC_NO_COMMON_BLOCKS = YES;
				GCC_OPTIMIZATION_LEVEL = 0;
				GCC_PREPROCESSOR_DEFINITIONS = (
					"DEBUG=1",
					"$(inherited)",
				);
				GCC_WARN_64_TO_32_BIT_CONVERSION = YES;
				GCC_WARN_ABOUT_RETURN_TYPE = YES_ERROR;
				GCC_WARN_UNDECLARED_SELECTOR = YES;
				GCC_WARN_UNINITIALIZED_AUTOS = YES_AGGRESSIVE;
				GCC_WARN_UNUSED_FUNCTION = YES;
				GCC_WARN_UNUSED_VARIABLE = YES;
				IPHONEOS_DEPLOYMENT_TARGET = 15.5;
				MTL_ENABLE_DEBUG_INFO = INCLUDE_SOURCE;
				MTL_FAST_MATH = YES;
				ONLY_ACTIVE_ARCH = YES;
				SDKROOT = iphoneos;
				SWIFT_ACTIVE_COMPILATION_CONDITIONS = DEBUG;
				SWIFT_OPTIMIZATION_LEVEL = "-Onone";
			};
			name = Debug;
		};
		280BC8BA28D65F4D00D52EF4 /* Release */ = {
			isa = XCBuildConfiguration;
			buildSettings = {
				ALWAYS_SEARCH_USER_PATHS = NO;
				CLANG_ANALYZER_NONNULL = YES;
				CLANG_ANALYZER_NUMBER_OBJECT_CONVERSION = YES_AGGRESSIVE;
				CLANG_CXX_LANGUAGE_STANDARD = "gnu++17";
				CLANG_ENABLE_MODULES = YES;
				CLANG_ENABLE_OBJC_ARC = YES;
				CLANG_ENABLE_OBJC_WEAK = YES;
				CLANG_WARN_BLOCK_CAPTURE_AUTORELEASING = YES;
				CLANG_WARN_BOOL_CONVERSION = YES;
				CLANG_WARN_COMMA = YES;
				CLANG_WARN_CONSTANT_CONVERSION = YES;
				CLANG_WARN_DEPRECATED_OBJC_IMPLEMENTATIONS = YES;
				CLANG_WARN_DIRECT_OBJC_ISA_USAGE = YES_ERROR;
				CLANG_WARN_DOCUMENTATION_COMMENTS = YES;
				CLANG_WARN_EMPTY_BODY = YES;
				CLANG_WARN_ENUM_CONVERSION = YES;
				CLANG_WARN_INFINITE_RECURSION = YES;
				CLANG_WARN_INT_CONVERSION = YES;
				CLANG_WARN_NON_LITERAL_NULL_CONVERSION = YES;
				CLANG_WARN_OBJC_IMPLICIT_RETAIN_SELF = YES;
				CLANG_WARN_OBJC_LITERAL_CONVERSION = YES;
				CLANG_WARN_OBJC_ROOT_CLASS = YES_ERROR;
				CLANG_WARN_QUOTED_INCLUDE_IN_FRAMEWORK_HEADER = YES;
				CLANG_WARN_RANGE_LOOP_ANALYSIS = YES;
				CLANG_WARN_STRICT_PROTOTYPES = YES;
				CLANG_WARN_SUSPICIOUS_MOVE = YES;
				CLANG_WARN_UNGUARDED_AVAILABILITY = YES_AGGRESSIVE;
				CLANG_WARN_UNREACHABLE_CODE = YES;
				CLANG_WARN__DUPLICATE_METHOD_MATCH = YES;
				COPY_PHASE_STRIP = NO;
				DEBUG_INFORMATION_FORMAT = "dwarf-with-dsym";
				ENABLE_NS_ASSERTIONS = NO;
				ENABLE_STRICT_OBJC_MSGSEND = YES;
				GCC_C_LANGUAGE_STANDARD = gnu11;
				GCC_NO_COMMON_BLOCKS = YES;
				GCC_WARN_64_TO_32_BIT_CONVERSION = YES;
				GCC_WARN_ABOUT_RETURN_TYPE = YES_ERROR;
				GCC_WARN_UNDECLARED_SELECTOR = YES;
				GCC_WARN_UNINITIALIZED_AUTOS = YES_AGGRESSIVE;
				GCC_WARN_UNUSED_FUNCTION = YES;
				GCC_WARN_UNUSED_VARIABLE = YES;
				IPHONEOS_DEPLOYMENT_TARGET = 15.5;
				MTL_ENABLE_DEBUG_INFO = NO;
				MTL_FAST_MATH = YES;
				SDKROOT = iphoneos;
				SWIFT_COMPILATION_MODE = wholemodule;
				SWIFT_OPTIMIZATION_LEVEL = "-O";
				VALIDATE_PRODUCT = YES;
			};
			name = Release;
		};
		280BC8BC28D65F4D00D52EF4 /* Debug */ = {
			isa = XCBuildConfiguration;
			buildSettings = {
				ASSETCATALOG_COMPILER_APPICON_NAME = AppIcon;
				ASSETCATALOG_COMPILER_GLOBAL_ACCENT_COLOR_NAME = AccentColor;
				CODE_SIGN_STYLE = Automatic;
				CURRENT_PROJECT_VERSION = 1;
				DEVELOPMENT_TEAM = JF82J793N5;
				GENERATE_INFOPLIST_FILE = YES;
				INFOPLIST_FILE = "Password Generator/Info.plist";
				INFOPLIST_KEY_UIApplicationSupportsIndirectInputEvents = YES;
				INFOPLIST_KEY_UILaunchStoryboardName = LaunchScreen;
				INFOPLIST_KEY_UIMainStoryboardFile = Main;
				INFOPLIST_KEY_UISupportedInterfaceOrientations_iPad = "UIInterfaceOrientationPortrait UIInterfaceOrientationPortraitUpsideDown UIInterfaceOrientationLandscapeLeft UIInterfaceOrientationLandscapeRight";
				INFOPLIST_KEY_UISupportedInterfaceOrientations_iPhone = "UIInterfaceOrientationPortrait UIInterfaceOrientationLandscapeLeft UIInterfaceOrientationLandscapeRight";
				LD_RUNPATH_SEARCH_PATHS = (
					"$(inherited)",
					"@executable_path/Frameworks",
				);
				MARKETING_VERSION = 1.0;
				PRODUCT_BUNDLE_IDENTIFIER = "mwine.Password-Generator";
				PRODUCT_NAME = "$(TARGET_NAME)";
				SWIFT_EMIT_LOC_STRINGS = YES;
				SWIFT_VERSION = 5.0;
				TARGETED_DEVICE_FAMILY = "1,2";
			};
			name = Debug;
		};
		280BC8BD28D65F4D00D52EF4 /* Release */ = {
			isa = XCBuildConfiguration;
			buildSettings = {
				ASSETCATALOG_COMPILER_APPICON_NAME = AppIcon;
				ASSETCATALOG_COMPILER_GLOBAL_ACCENT_COLOR_NAME = AccentColor;
				CODE_SIGN_STYLE = Automatic;
				CURRENT_PROJECT_VERSION = 1;
				DEVELOPMENT_TEAM = JF82J793N5;
				GENERATE_INFOPLIST_FILE = YES;
				INFOPLIST_FILE = "Password Generator/Info.plist";
				INFOPLIST_KEY_UIApplicationSupportsIndirectInputEvents = YES;
				INFOPLIST_KEY_UILaunchStoryboardName = LaunchScreen;
				INFOPLIST_KEY_UIMainStoryboardFile = Main;
				INFOPLIST_KEY_UISupportedInterfaceOrientations_iPad = "UIInterfaceOrientationPortrait UIInterfaceOrientationPortraitUpsideDown UIInterfaceOrientationLandscapeLeft UIInterfaceOrientationLandscapeRight";
				INFOPLIST_KEY_UISupportedInterfaceOrientations_iPhone = "UIInterfaceOrientationPortrait UIInterfaceOrientationLandscapeLeft UIInterfaceOrientationLandscapeRight";
				LD_RUNPATH_SEARCH_PATHS = (
					"$(inherited)",
					"@executable_path/Frameworks",
				);
				MARKETING_VERSION = 1.0;
				PRODUCT_BUNDLE_IDENTIFIER = "mwine.Password-Generator";
				PRODUCT_NAME = "$(TARGET_NAME)";
				SWIFT_EMIT_LOC_STRINGS = YES;
				SWIFT_VERSION = 5.0;
				TARGETED_DEVICE_FAMILY = "1,2";
			};
			name = Release;
		};
		280BC8BF28D65F4D00D52EF4 /* Debug */ = {
			isa = XCBuildConfiguration;
			buildSettings = {
				ALWAYS_EMBED_SWIFT_STANDARD_LIBRARIES = YES;
				BUNDLE_LOADER = "$(TEST_HOST)";
				CODE_SIGN_STYLE = Automatic;
				CURRENT_PROJECT_VERSION = 1;
				DEVELOPMENT_TEAM = JF82J793N5;
				GENERATE_INFOPLIST_FILE = YES;
				IPHONEOS_DEPLOYMENT_TARGET = 15.5;
				MARKETING_VERSION = 1.0;
				PRODUCT_BUNDLE_IDENTIFIER = "mwine.Password-GeneratorTests";
				PRODUCT_NAME = "$(TARGET_NAME)";
				SWIFT_EMIT_LOC_STRINGS = NO;
				SWIFT_VERSION = 5.0;
				TARGETED_DEVICE_FAMILY = "1,2";
				TEST_HOST = "$(BUILT_PRODUCTS_DIR)/Password Generator.app/Password Generator";
			};
			name = Debug;
		};
		280BC8C028D65F4D00D52EF4 /* Release */ = {
			isa = XCBuildConfiguration;
			buildSettings = {
				ALWAYS_EMBED_SWIFT_STANDARD_LIBRARIES = YES;
				BUNDLE_LOADER = "$(TEST_HOST)";
				CODE_SIGN_STYLE = Automatic;
				CURRENT_PROJECT_VERSION = 1;
				DEVELOPMENT_TEAM = JF82J793N5;
				GENERATE_INFOPLIST_FILE = YES;
				IPHONEOS_DEPLOYMENT_TARGET = 15.5;
				MARKETING_VERSION = 1.0;
				PRODUCT_BUNDLE_IDENTIFIER = "mwine.Password-GeneratorTests";
				PRODUCT_NAME = "$(TARGET_NAME)";
				SWIFT_EMIT_LOC_STRINGS = NO;
				SWIFT_VERSION = 5.0;
				TARGETED_DEVICE_FAMILY = "1,2";
				TEST_HOST = "$(BUILT_PRODUCTS_DIR)/Password Generator.app/Password Generator";
			};
			name = Release;
		};
		280BC8C228D65F4D00D52EF4 /* Debug */ = {
			isa = XCBuildConfiguration;
			buildSettings = {
				ALWAYS_EMBED_SWIFT_STANDARD_LIBRARIES = YES;
				CODE_SIGN_STYLE = Automatic;
				CURRENT_PROJECT_VERSION = 1;
				DEVELOPMENT_TEAM = JF82J793N5;
				GENERATE_INFOPLIST_FILE = YES;
				MARKETING_VERSION = 1.0;
				PRODUCT_BUNDLE_IDENTIFIER = "mwine.Password-GeneratorUITests";
				PRODUCT_NAME = "$(TARGET_NAME)";
				SWIFT_EMIT_LOC_STRINGS = NO;
				SWIFT_VERSION = 5.0;
				TARGETED_DEVICE_FAMILY = "1,2";
				TEST_TARGET_NAME = "Password Generator";
			};
			name = Debug;
		};
		280BC8C328D65F4D00D52EF4 /* Release */ = {
			isa = XCBuildConfiguration;
			buildSettings = {
				ALWAYS_EMBED_SWIFT_STANDARD_LIBRARIES = YES;
				CODE_SIGN_STYLE = Automatic;
				CURRENT_PROJECT_VERSION = 1;
				DEVELOPMENT_TEAM = JF82J793N5;
				GENERATE_INFOPLIST_FILE = YES;
				MARKETING_VERSION = 1.0;
				PRODUCT_BUNDLE_IDENTIFIER = "mwine.Password-GeneratorUITests";
				PRODUCT_NAME = "$(TARGET_NAME)";
				SWIFT_EMIT_LOC_STRINGS = NO;
				SWIFT_VERSION = 5.0;
				TARGETED_DEVICE_FAMILY = "1,2";
				TEST_TARGET_NAME = "Password Generator";
			};
			name = Release;
		};
/* End XCBuildConfiguration section */

/* Begin XCConfigurationList section */
		280BC88C28D65F4A00D52EF4 /* Build configuration list for PBXProject "Password Generator" */ = {
			isa = XCConfigurationList;
			buildConfigurations = (
				280BC8B928D65F4D00D52EF4 /* Debug */,
				280BC8BA28D65F4D00D52EF4 /* Release */,
			);
			defaultConfigurationIsVisible = 0;
			defaultConfigurationName = Release;
		};
		280BC8BB28D65F4D00D52EF4 /* Build configuration list for PBXNativeTarget "Password Generator" */ = {
			isa = XCConfigurationList;
			buildConfigurations = (
				280BC8BC28D65F4D00D52EF4 /* Debug */,
				280BC8BD28D65F4D00D52EF4 /* Release */,
			);
			defaultConfigurationIsVisible = 0;
			defaultConfigurationName = Release;
		};
		280BC8BE28D65F4D00D52EF4 /* Build configuration list for PBXNativeTarget "Password GeneratorTests" */ = {
			isa = XCConfigurationList;
			buildConfigurations = (
				280BC8BF28D65F4D00D52EF4 /* Debug */,
				280BC8C028D65F4D00D52EF4 /* Release */,
			);
			defaultConfigurationIsVisible = 0;
			defaultConfigurationName = Release;
		};
		280BC8C128D65F4D00D52EF4 /* Build configuration list for PBXNativeTarget "Password GeneratorUITests" */ = {
			isa = XCConfigurationList;
			buildConfigurations = (
				280BC8C228D65F4D00D52EF4 /* Debug */,
				280BC8C328D65F4D00D52EF4 /* Release */,
			);
			defaultConfigurationIsVisible = 0;
			defaultConfigurationName = Release;
		};
/* End XCConfigurationList section */
	};
	rootObject = 280BC88928D65F4A00D52EF4 /* Project object */;
}
